<?xml version="1.0" encoding="UTF-8" standalone="yes" ?>
<CodeBlocks_project_file>
	<FileVersion major="1" minor="6" />
	<Project>
		<Option title="picdbd" />
		<Option pch_mode="2" />
		<Option compiler="gcc" />
		<Build>
			<Target title="Debug">
				<Option output="bin/Debug/picdbd" prefix_auto="1" extension_auto="1" />
				<Option object_output="obj/Debug/" />
				<Option type="1" />
				<Option compiler="gcc" />
				<Compiler>
					<Add option="-g" />
				</Compiler>
			</Target>
			<Target title="Release">
				<Option output="bin/Release/picdbd" prefix_auto="1" extension_auto="1" />
				<Option object_output="obj/Release/" />
				<Option type="1" />
				<Option compiler="gcc" />
				<Compiler>
					<Add option="-O2" />
				</Compiler>
				<Linker>
					<Add option="-s" />
				</Linker>
			</Target>
		</Build>
		<Compiler>
			<Add option="-std=c++11" />
			<Add option="-Wall" />
			<Add option="-fexceptions" />
		</Compiler>
		<Unit filename="../../libthoro/common/DirectoryFileList.cpp" />
		<Unit filename="../../libthoro/common/DirectoryFileList.h" />
		<Unit filename="../../libthoro/common/StringUtils.cpp" />
		<Unit filename="../../libthoro/common/StringUtils.h" />
		<Unit filename="../../libthoro/hashfunctions/sha-256.cpp" />
		<Unit filename="../../libthoro/hashfunctions/sha-256.h" />
		<Unit filename="../../libthoro/hashfunctions/sha-256_sources.cpp" />
		<Unit filename="../../libthoro/hashfunctions/sha-256_sources.h" />
		<Unit filename="../common/Query.cpp" />
		<Unit filename="../common/Query.hpp" />
		<Unit filename="../common/Splitter.cpp" />
		<Unit filename="../common/Splitter.hpp" />
		<Unit filename="../common/WhoStatRecord.cpp" />
		<Unit filename="../common/WhoStatRecord.hpp" />
		<Unit filename="../common/escaping.cpp" />
		<Unit filename="../common/escaping.hpp" />
		<Unit filename="../common/filesystem/functions.cpp" />
		<Unit filename="../common/filesystem/functions.hpp" />
		<Unit filename="../data/Database.cpp" />
		<Unit filename="../data/Database.hpp" />
		<Unit filename="../data/DatabaseManager.cpp" />
		<Unit filename="../data/DatabaseManager.hpp" />
		<Unit filename="../data/DirectDatabase.cpp" />
		<Unit filename="../data/DirectDatabase.hpp" />
		<Unit filename="../data/PicData.cpp" />
		<Unit filename="../data/PicData.hpp" />
		<Unit filename="../data/Serializer.cpp" />
		<Unit filename="../data/Serializer.hpp" />
		<Unit filename="../sockets/UnixDomainSocketServer.cpp" />
		<Unit filename="../sockets/UnixDomainSocketServer.hpp" />
		<Unit filename="../sockets/picdbvUDSServer.cpp" />
		<Unit filename="../sockets/picdbvUDSServer.hpp" />
		<Unit filename="Daemonic.cpp" />
		<Unit filename="Daemonic.hpp" />
		<Unit filename="commands/CmdAutoTagDB.cpp" />
		<Unit filename="commands/CmdAutoTagDB.hpp" />
		<Unit filename="commands/CmdClearDB.cpp" />
		<Unit filename="commands/CmdClearDB.hpp" />
		<Unit filename="commands/CmdCreateDB.cpp" />
		<Unit filename="commands/CmdCreateDB.hpp" />
		<Unit filename="commands/CmdDeleteDB.cpp" />
		<Unit filename="commands/CmdDeleteDB.hpp" />
		<Unit filename="commands/CmdExistsDB.cpp" />
		<Unit filename="commands/CmdExistsDB.hpp" />
		<Unit filename="commands/CmdFileExists.cpp" />
		<Unit filename="commands/CmdFileExists.hpp" />
		<Unit filename="commands/CmdHelp.cpp" />
		<Unit filename="commands/CmdHelp.hpp" />
		<Unit filename="commands/CmdListDatabases.cpp" />
		<Unit filename="commands/CmdListDatabases.hpp" />
		<Unit filename="commands/CmdLoadDB.cpp" />
		<Unit filename="commands/CmdLoadDB.hpp" />
		<Unit filename="commands/CmdUntagged.cpp" />
		<Unit filename="commands/CmdUntagged.hpp" />
		<Unit filename="commands/CmdVersion.cpp" />
		<Unit filename="commands/CmdVersion.hpp" />
		<Unit filename="commands/Command.cpp" />
		<Unit filename="commands/Command.hpp" />
		<Unit filename="constants.hpp" />
		<Unit filename="main.cpp" />
		<Extensions>
			<code_completion />
			<envvars />
			<debugger />
			<lib_finder disable_auto="1" />
		</Extensions>
	</Project>
</CodeBlocks_project_file>
