<?xml version="1.0" encoding="UTF-8" standalone="yes" ?>
<CodeBlocks_project_file>
	<FileVersion major="1" minor="6" />
	<Project>
		<Option title="picdbd" />
		<Option pch_mode="2" />
		<Option compiler="gcc" />
		<Build>
			<Target title="Debug">
				<Option output="bin/Debug/picdbd" prefix_auto="1" extension_auto="1" />
				<Option object_output="obj/Debug/" />
				<Option type="1" />
				<Option compiler="gcc" />
				<Compiler>
					<Add option="-g" />
				</Compiler>
			</Target>
			<Target title="Release">
				<Option output="bin/Release/picdbd" prefix_auto="1" extension_auto="1" />
				<Option object_output="obj/Release/" />
				<Option type="1" />
				<Option compiler="gcc" />
				<Compiler>
					<Add option="-O2" />
				</Compiler>
				<Linker>
					<Add option="-s" />
				</Linker>
			</Target>
		</Build>
		<Compiler>
			<Add option="-Wall" />
			<Add option="-fexceptions" />
		</Compiler>
		<Unit filename="../../libthoro/common/DirectoryFileList.cpp" />
		<Unit filename="../../libthoro/common/DirectoryFileList.h" />
		<Unit filename="../../libthoro/common/StringUtils.cpp" />
		<Unit filename="../../libthoro/common/StringUtils.h" />
		<Unit filename="../../libthoro/hashfunctions/sha-256.cpp" />
		<Unit filename="../../libthoro/hashfunctions/sha-256.h" />
		<Unit filename="../../libthoro/hashfunctions/sha-256_sources.cpp" />
		<Unit filename="../../libthoro/hashfunctions/sha-256_sources.h" />
		<Unit filename="../common/DataBase.cpp" />
		<Unit filename="../common/DataBase.hpp" />
		<Unit filename="../common/PicData.cpp" />
		<Unit filename="../common/PicData.hpp" />
		<Unit filename="../common/Query.cpp" />
		<Unit filename="../common/Query.hpp" />
		<Unit filename="../common/Splitter.cpp" />
		<Unit filename="../common/Splitter.hpp" />
		<Unit filename="../common/WhoStatRecord.cpp" />
		<Unit filename="../common/WhoStatRecord.hpp" />
		<Unit filename="../common/filesystem/functions.cpp" />
		<Unit filename="../common/filesystem/functions.hpp" />
		<Unit filename="../sockets/UnixDomainSocketServer.cpp" />
		<Unit filename="../sockets/UnixDomainSocketServer.hpp" />
		<Unit filename="../sockets/picdbvUDSServer.cpp" />
		<Unit filename="../sockets/picdbvUDSServer.hpp" />
		<Unit filename="Daemonic.cpp" />
		<Unit filename="Daemonic.hpp" />
		<Unit filename="DatabaseManager.cpp" />
		<Unit filename="DatabaseManager.hpp" />
		<Unit filename="main.cpp" />
		<Extensions>
			<code_completion />
			<envvars />
			<debugger />
			<lib_finder disable_auto="1" />
		</Extensions>
	</Project>
</CodeBlocks_project_file>
