<?xml version="1.0" encoding="UTF-8" standalone="yes" ?>
<CodeBlocks_project_file>
	<FileVersion major="1" minor="6" />
	<Project>
		<Option title="picdbv" />
		<Option pch_mode="2" />
		<Option compiler="gcc" />
		<Build>
			<Target title="Debug">
				<Option output="bin/Debug/picdbv" prefix_auto="1" extension_auto="1" />
				<Option object_output="obj/Debug/" />
				<Option type="1" />
				<Option compiler="gcc" />
				<Compiler>
					<Add option="-g" />
				</Compiler>
				<Linker>
					<Add library="glfw" />
					<Add library="glut" />
					<Add library="GL" />
					<Add library="png" />
					<Add library="jpeg" />
				</Linker>
			</Target>
			<Target title="Release-GLUT">
				<Option output="bin/Release/picdbv" prefix_auto="1" extension_auto="1" />
				<Option object_output="obj/Release/glut/" />
				<Option type="1" />
				<Option compiler="gcc" />
				<Compiler>
					<Add option="-O2" />
					<Add option="-DUSE_GLUT_GUI" />
				</Compiler>
				<Linker>
					<Add library="GL" />
					<Add library="glut" />
					<Add library="png" />
					<Add library="jpeg" />
				</Linker>
			</Target>
			<Target title="Release-GLUT Win32">
				<Option output="bin/Release/picdbv" prefix_auto="1" extension_auto="1" />
				<Option object_output="obj/Release/glut/" />
				<Option type="1" />
				<Option compiler="gcc" />
				<Compiler>
					<Add option="-O2" />
					<Add option="-DUSE_GLUT_GUI" />
				</Compiler>
				<Linker>
					<Add library="openGL32" />
					<Add library="glut" />
					<Add library="png" />
					<Add library="jpeg" />
				</Linker>
			</Target>
			<Target title="Release-GLFW">
				<Option output="bin/Release/picdbv" prefix_auto="1" extension_auto="1" />
				<Option object_output="obj/Release/glfw/" />
				<Option type="1" />
				<Option compiler="gcc" />
				<Compiler>
					<Add option="-O2" />
					<Add option="-DUSE_GLFW_GUI" />
				</Compiler>
				<Linker>
					<Add library="glfw" />
					<Add library="GL" />
					<Add library="png" />
					<Add library="jpeg" />
				</Linker>
			</Target>
			<Target title="Release-GLFW Win32">
				<Option output="bin/Release/picdbv" prefix_auto="1" extension_auto="1" />
				<Option object_output="obj/Release/glfw/" />
				<Option type="1" />
				<Option compiler="gcc" />
				<Compiler>
					<Add option="-O2" />
					<Add option="-DUSE_GLFW_GUI" />
				</Compiler>
				<Linker>
					<Add library="glfw" />
					<Add library="openGL32" />
					<Add library="png" />
					<Add library="jpeg" />
				</Linker>
			</Target>
		</Build>
		<Compiler>
			<Add option="-Wall" />
			<Add option="-fexceptions" />
		</Compiler>
		<Unit filename="../common/DirectoryFileList.cpp" />
		<Unit filename="../common/DirectoryFileList.h" />
		<Unit filename="../common/IntegerUtils.cpp" />
		<Unit filename="../common/IntegerUtils.h" />
		<Unit filename="../common/StringUtils.cpp" />
		<Unit filename="../common/StringUtils.h" />
		<Unit filename="../common/graphics/Bits.cpp" />
		<Unit filename="../common/graphics/Bits.h" />
		<Unit filename="../common/graphics/GLImageStructure.cpp" />
		<Unit filename="../common/graphics/GLImageStructure.h" />
		<Unit filename="../common/graphics/GLfunctions.cpp" />
		<Unit filename="../common/graphics/GLfunctions.h" />
		<Unit filename="../common/graphics/ImageLoader.cpp" />
		<Unit filename="../common/graphics/ImageLoader.h" />
		<Unit filename="../common/graphics/gif/DataSubBlock.cpp" />
		<Unit filename="../common/graphics/gif/DataSubBlock.h" />
		<Unit filename="../common/graphics/gif/Decoder.cpp" />
		<Unit filename="../common/graphics/gif/Decoder.h" />
		<Unit filename="../common/graphics/gif/ElementBase.cpp" />
		<Unit filename="../common/graphics/gif/ElementBase.h" />
		<Unit filename="../common/graphics/gif/Extensions.cpp" />
		<Unit filename="../common/graphics/gif/Extensions.h" />
		<Unit filename="../common/graphics/gif/GIFStructures.cpp" />
		<Unit filename="../common/graphics/gif/GIFStructures.h" />
		<Unit filename="../common/graphics/readBMP.cpp" />
		<Unit filename="../common/graphics/readBMP.h" />
		<Unit filename="../common/graphics/readGIF.cpp" />
		<Unit filename="../common/graphics/readGIF.h" />
		<Unit filename="../common/graphics/readJPEG.cpp" />
		<Unit filename="../common/graphics/readJPEG.h" />
		<Unit filename="../common/graphics/readPNG.cpp" />
		<Unit filename="../common/graphics/readPNG.h" />
		<Unit filename="../common/graphics/readPPM.cpp" />
		<Unit filename="../common/graphics/readPPM.h" />
		<Unit filename="../common/gui/BasicGUI.h" />
		<Unit filename="../common/gui/IncludeGLUT.h" />
		<Unit filename="../common/gui/glfwGUI.cpp">
			<Option target="Debug" />
			<Option target="Release-GLFW" />
		</Unit>
		<Unit filename="../common/gui/glfwGUI.h">
			<Option target="Debug" />
			<Option target="Release-GLFW" />
		</Unit>
		<Unit filename="../common/gui/glutGUI.cpp">
			<Option target="Debug" />
			<Option target="Release-GLUT" />
		</Unit>
		<Unit filename="../common/gui/glutGUI.h">
			<Option target="Debug" />
			<Option target="Release-GLUT" />
		</Unit>
		<Unit filename="../hashfunctions/sha-256.cpp" />
		<Unit filename="../hashfunctions/sha-256.h" />
		<Unit filename="../hashfunctions/sha-256_aux.cpp" />
		<Unit filename="../hashfunctions/sha-256_aux.h" />
		<Unit filename="Configuration.cpp" />
		<Unit filename="Configuration.h" />
		<Unit filename="GUI.cpp" />
		<Unit filename="GUI.h" />
		<Unit filename="GUIMultiLinePanel.cpp" />
		<Unit filename="GUIMultiLinePanel.h" />
		<Unit filename="GUITextPanel.cpp" />
		<Unit filename="GUITextPanel.h" />
		<Unit filename="PicDataBase.cpp" />
		<Unit filename="PicDataBase.h" />
		<Unit filename="Splitter.cpp" />
		<Unit filename="Splitter.h" />
		<Unit filename="main.cpp" />
		<Extensions>
			<code_completion />
			<debugger />
			<envvars />
		</Extensions>
	</Project>
</CodeBlocks_project_file>
